// !$*UTF8*$!
{
	archiveVersion = 1;
	classes = {
	};
	objectVersion = 46;
	objects = {

/* Begin PBXBuildFile section */
		CBED234C2974E85C45146C52 /* Pods.framework in Frameworks */ = {isa = PBXBuildFile; fileRef = 0FEAA692861C792E8B9B9481 /* Pods.framework */; };
		E71901431BEAEE49007D7641 /* UserPlaylist.swift in Sources */ = {isa = PBXBuildFile; fileRef = E71901421BEAEE49007D7641 /* UserPlaylist.swift */; };
		E71901451BEAEFDE007D7641 /* UserPlaylistViewController.swift in Sources */ = {isa = PBXBuildFile; fileRef = E71901441BEAEFDE007D7641 /* UserPlaylistViewController.swift */; };
		E744399E1BCA5F57008A9873 /* CurrentSongViewController.swift in Sources */ = {isa = PBXBuildFile; fileRef = E744399D1BCA5F57008A9873 /* CurrentSongViewController.swift */; };
		E74439A01BCD6A1A008A9873 /* QueueViewController.swift in Sources */ = {isa = PBXBuildFile; fileRef = E744399F1BCD6A1A008A9873 /* QueueViewController.swift */; };
		E76668511BBD741900B7E1A1 /* AppDelegate.swift in Sources */ = {isa = PBXBuildFile; fileRef = E76668501BBD741900B7E1A1 /* AppDelegate.swift */; };
		E76668561BBD741900B7E1A1 /* Main.storyboard in Resources */ = {isa = PBXBuildFile; fileRef = E76668541BBD741900B7E1A1 /* Main.storyboard */; };
		E76668581BBD741900B7E1A1 /* Assets.xcassets in Resources */ = {isa = PBXBuildFile; fileRef = E76668571BBD741900B7E1A1 /* Assets.xcassets */; };
		E766685B1BBD741900B7E1A1 /* LaunchScreen.storyboard in Resources */ = {isa = PBXBuildFile; fileRef = E76668591BBD741900B7E1A1 /* LaunchScreen.storyboard */; };
		E76668661BBD741A00B7E1A1 /* uqueueTests.swift in Sources */ = {isa = PBXBuildFile; fileRef = E76668651BBD741A00B7E1A1 /* uqueueTests.swift */; };
		E76668711BBD741A00B7E1A1 /* uqueueUITests.swift in Sources */ = {isa = PBXBuildFile; fileRef = E76668701BBD741A00B7E1A1 /* uqueueUITests.swift */; };
		E7937CC91C029A2400EC46AA /* FBSDKCoreKit.framework in Frameworks */ = {isa = PBXBuildFile; fileRef = E7937CC81C029A2400EC46AA /* FBSDKCoreKit.framework */; };
		E7937CCB1C029A2E00EC46AA /* FBSDKLoginKit.framework in Frameworks */ = {isa = PBXBuildFile; fileRef = E7937CCA1C029A2E00EC46AA /* FBSDKLoginKit.framework */; };
		E7937CCD1C029A3A00EC46AA /* FBSDKShareKit.framework in Frameworks */ = {isa = PBXBuildFile; fileRef = E7937CCC1C029A3A00EC46AA /* FBSDKShareKit.framework */; };
		E7937CCF1C02A52D00EC46AA /* AuthenticationViewController.swift in Sources */ = {isa = PBXBuildFile; fileRef = E7937CCE1C02A52D00EC46AA /* AuthenticationViewController.swift */; };
		E7A1C0741BEFEEFC000A5EA0 /* StoredPlaylists.swift in Sources */ = {isa = PBXBuildFile; fileRef = E7A1C0731BEFEEFC000A5EA0 /* StoredPlaylists.swift */; };
		E7A1C0771BF163AC000A5EA0 /* uqueue.xcdatamodeld in Sources */ = {isa = PBXBuildFile; fileRef = E7A1C0751BF163AC000A5EA0 /* uqueue.xcdatamodeld */; };
		E7F525601C0A3259008A4E90 /* BroadcastedViewController.swift in Sources */ = {isa = PBXBuildFile; fileRef = E7F5255F1C0A3259008A4E90 /* BroadcastedViewController.swift */; };
/* End PBXBuildFile section */

/* Begin PBXContainerItemProxy section */
		E76668621BBD741A00B7E1A1 /* PBXContainerItemProxy */ = {
			isa = PBXContainerItemProxy;
			containerPortal = E76668451BBD741900B7E1A1 /* Project object */;
			proxyType = 1;
			remoteGlobalIDString = E766684C1BBD741900B7E1A1;
			remoteInfo = uqueue;
		};
		E766686D1BBD741A00B7E1A1 /* PBXContainerItemProxy */ = {
			isa = PBXContainerItemProxy;
			containerPortal = E76668451BBD741900B7E1A1 /* Project object */;
			proxyType = 1;
			remoteGlobalIDString = E766684C1BBD741900B7E1A1;
			remoteInfo = uqueue;
		};
/* End PBXContainerItemProxy section */

/* Begin PBXFileReference section */
		0FEAA692861C792E8B9B9481 /* Pods.framework */ = {isa = PBXFileReference; explicitFileType = wrapper.framework; includeInIndex = 0; path = Pods.framework; sourceTree = BUILT_PRODUCTS_DIR; };
		335C502E8DE0E4E7ABBDF4DA /* Pods.release.xcconfig */ = {isa = PBXFileReference; includeInIndex = 1; lastKnownFileType = text.xcconfig; name = Pods.release.xcconfig; path = "Pods/Target Support Files/Pods/Pods.release.xcconfig"; sourceTree = "<group>"; };
		C7CC39BC0E5DECF4C9651A81 /* Pods.debug.xcconfig */ = {isa = PBXFileReference; includeInIndex = 1; lastKnownFileType = text.xcconfig; name = Pods.debug.xcconfig; path = "Pods/Target Support Files/Pods/Pods.debug.xcconfig"; sourceTree = "<group>"; };
		E71901421BEAEE49007D7641 /* UserPlaylist.swift */ = {isa = PBXFileReference; fileEncoding = 4; lastKnownFileType = sourcecode.swift; path = UserPlaylist.swift; sourceTree = "<group>"; };
		E71901441BEAEFDE007D7641 /* UserPlaylistViewController.swift */ = {isa = PBXFileReference; fileEncoding = 4; lastKnownFileType = sourcecode.swift; path = UserPlaylistViewController.swift; sourceTree = "<group>"; };
		E744399D1BCA5F57008A9873 /* CurrentSongViewController.swift */ = {isa = PBXFileReference; fileEncoding = 4; lastKnownFileType = sourcecode.swift; path = CurrentSongViewController.swift; sourceTree = "<group>"; };
		E744399F1BCD6A1A008A9873 /* QueueViewController.swift */ = {isa = PBXFileReference; fileEncoding = 4; lastKnownFileType = sourcecode.swift; path = QueueViewController.swift; sourceTree = "<group>"; };
		E766684D1BBD741900B7E1A1 /* uqueue.app */ = {isa = PBXFileReference; explicitFileType = wrapper.application; includeInIndex = 0; path = uqueue.app; sourceTree = BUILT_PRODUCTS_DIR; };
		E76668501BBD741900B7E1A1 /* AppDelegate.swift */ = {isa = PBXFileReference; lastKnownFileType = sourcecode.swift; path = AppDelegate.swift; sourceTree = "<group>"; };
		E76668551BBD741900B7E1A1 /* Base */ = {isa = PBXFileReference; lastKnownFileType = file.storyboard; name = Base; path = Base.lproj/Main.storyboard; sourceTree = "<group>"; };
		E76668571BBD741900B7E1A1 /* Assets.xcassets */ = {isa = PBXFileReference; lastKnownFileType = folder.assetcatalog; path = Assets.xcassets; sourceTree = "<group>"; };
		E766685A1BBD741900B7E1A1 /* Base */ = {isa = PBXFileReference; lastKnownFileType = file.storyboard; name = Base; path = Base.lproj/LaunchScreen.storyboard; sourceTree = "<group>"; };
		E766685C1BBD741900B7E1A1 /* Info.plist */ = {isa = PBXFileReference; lastKnownFileType = text.plist.xml; path = Info.plist; sourceTree = "<group>"; };
		E76668611BBD741A00B7E1A1 /* uqueueTests.xctest */ = {isa = PBXFileReference; explicitFileType = wrapper.cfbundle; includeInIndex = 0; path = uqueueTests.xctest; sourceTree = BUILT_PRODUCTS_DIR; };
		E76668651BBD741A00B7E1A1 /* uqueueTests.swift */ = {isa = PBXFileReference; lastKnownFileType = sourcecode.swift; path = uqueueTests.swift; sourceTree = "<group>"; };
		E76668671BBD741A00B7E1A1 /* Info.plist */ = {isa = PBXFileReference; lastKnownFileType = text.plist.xml; path = Info.plist; sourceTree = "<group>"; };
		E766686C1BBD741A00B7E1A1 /* uqueueUITests.xctest */ = {isa = PBXFileReference; explicitFileType = wrapper.cfbundle; includeInIndex = 0; path = uqueueUITests.xctest; sourceTree = BUILT_PRODUCTS_DIR; };
		E76668701BBD741A00B7E1A1 /* uqueueUITests.swift */ = {isa = PBXFileReference; lastKnownFileType = sourcecode.swift; path = uqueueUITests.swift; sourceTree = "<group>"; };
		E76668721BBD741A00B7E1A1 /* Info.plist */ = {isa = PBXFileReference; lastKnownFileType = text.plist.xml; path = Info.plist; sourceTree = "<group>"; };
		E7937CC81C029A2400EC46AA /* FBSDKCoreKit.framework */ = {isa = PBXFileReference; lastKnownFileType = wrapper.framework; path = FBSDKCoreKit.framework; sourceTree = "<group>"; };
		E7937CCA1C029A2E00EC46AA /* FBSDKLoginKit.framework */ = {isa = PBXFileReference; lastKnownFileType = wrapper.framework; path = FBSDKLoginKit.framework; sourceTree = "<group>"; };
		E7937CCC1C029A3A00EC46AA /* FBSDKShareKit.framework */ = {isa = PBXFileReference; lastKnownFileType = wrapper.framework; path = FBSDKShareKit.framework; sourceTree = "<group>"; };
		E7937CCE1C02A52D00EC46AA /* AuthenticationViewController.swift */ = {isa = PBXFileReference; fileEncoding = 4; lastKnownFileType = sourcecode.swift; path = AuthenticationViewController.swift; sourceTree = "<group>"; };
		E7A1C0731BEFEEFC000A5EA0 /* StoredPlaylists.swift */ = {isa = PBXFileReference; fileEncoding = 4; lastKnownFileType = sourcecode.swift; path = StoredPlaylists.swift; sourceTree = "<group>"; };
		E7A1C0761BF163AC000A5EA0 /* uqueue.xcdatamodel */ = {isa = PBXFileReference; lastKnownFileType = wrapper.xcdatamodel; path = uqueue.xcdatamodel; sourceTree = "<group>"; };
		E7F5255F1C0A3259008A4E90 /* BroadcastedViewController.swift */ = {isa = PBXFileReference; fileEncoding = 4; lastKnownFileType = sourcecode.swift; path = BroadcastedViewController.swift; sourceTree = "<group>"; };
/* End PBXFileReference section */

/* Begin PBXFrameworksBuildPhase section */
		E766684A1BBD741900B7E1A1 /* Frameworks */ = {
			isa = PBXFrameworksBuildPhase;
			buildActionMask = 2147483647;
			files = (
				E7937CCB1C029A2E00EC46AA /* FBSDKLoginKit.framework in Frameworks */,
				E7937CC91C029A2400EC46AA /* FBSDKCoreKit.framework in Frameworks */,
				E7937CCD1C029A3A00EC46AA /* FBSDKShareKit.framework in Frameworks */,
				CBED234C2974E85C45146C52 /* Pods.framework in Frameworks */,
			);
			runOnlyForDeploymentPostprocessing = 0;
		};
		E766685E1BBD741A00B7E1A1 /* Frameworks */ = {
			isa = PBXFrameworksBuildPhase;
			buildActionMask = 2147483647;
			files = (
			);
			runOnlyForDeploymentPostprocessing = 0;
		};
		E76668691BBD741A00B7E1A1 /* Frameworks */ = {
			isa = PBXFrameworksBuildPhase;
			buildActionMask = 2147483647;
			files = (
			);
			runOnlyForDeploymentPostprocessing = 0;
		};
/* End PBXFrameworksBuildPhase section */

/* Begin PBXGroup section */
		57ABD970E302B6BD1FD9F5A9 /* Pods */ = {
			isa = PBXGroup;
			children = (
				C7CC39BC0E5DECF4C9651A81 /* Pods.debug.xcconfig */,
				335C502E8DE0E4E7ABBDF4DA /* Pods.release.xcconfig */,
			);
			name = Pods;
			sourceTree = "<group>";
		};
		E76668441BBD741900B7E1A1 = {
			isa = PBXGroup;
			children = (
				E766684F1BBD741900B7E1A1 /* uqueue */,
				E76668641BBD741A00B7E1A1 /* uqueueTests */,
				E766686F1BBD741A00B7E1A1 /* uqueueUITests */,
				E766684E1BBD741900B7E1A1 /* Products */,
				57ABD970E302B6BD1FD9F5A9 /* Pods */,
				FF02B4B43C8D55A2514CA17C /* Frameworks */,
			);
			sourceTree = "<group>";
		};
		E766684E1BBD741900B7E1A1 /* Products */ = {
			isa = PBXGroup;
			children = (
				E766684D1BBD741900B7E1A1 /* uqueue.app */,
				E76668611BBD741A00B7E1A1 /* uqueueTests.xctest */,
				E766686C1BBD741A00B7E1A1 /* uqueueUITests.xctest */,
			);
			name = Products;
			sourceTree = "<group>";
		};
		E766684F1BBD741900B7E1A1 /* uqueue */ = {
			isa = PBXGroup;
			children = (
				E7A1C0731BEFEEFC000A5EA0 /* StoredPlaylists.swift */,
				E71901421BEAEE49007D7641 /* UserPlaylist.swift */,
				E7937CCE1C02A52D00EC46AA /* AuthenticationViewController.swift */,
				E71901441BEAEFDE007D7641 /* UserPlaylistViewController.swift */,
				E7F5255F1C0A3259008A4E90 /* BroadcastedViewController.swift */,
				E744399D1BCA5F57008A9873 /* CurrentSongViewController.swift */,
				E744399F1BCD6A1A008A9873 /* QueueViewController.swift */,
				E76668541BBD741900B7E1A1 /* Main.storyboard */,
				E76668591BBD741900B7E1A1 /* LaunchScreen.storyboard */,
				E76668571BBD741900B7E1A1 /* Assets.xcassets */,
				E76668501BBD741900B7E1A1 /* AppDelegate.swift */,
				E766685C1BBD741900B7E1A1 /* Info.plist */,
				E7A1C0751BF163AC000A5EA0 /* uqueue.xcdatamodeld */,
				E7937CCC1C029A3A00EC46AA /* FBSDKShareKit.framework */,
				E7937CCA1C029A2E00EC46AA /* FBSDKLoginKit.framework */,
				E7937CC81C029A2400EC46AA /* FBSDKCoreKit.framework */,
			);
			path = uqueue;
			sourceTree = "<group>";
		};
		E76668641BBD741A00B7E1A1 /* uqueueTests */ = {
			isa = PBXGroup;
			children = (
				E76668651BBD741A00B7E1A1 /* uqueueTests.swift */,
				E76668671BBD741A00B7E1A1 /* Info.plist */,
			);
			path = uqueueTests;
			sourceTree = "<group>";
		};
		E766686F1BBD741A00B7E1A1 /* uqueueUITests */ = {
			isa = PBXGroup;
			children = (
				E76668701BBD741A00B7E1A1 /* uqueueUITests.swift */,
				E76668721BBD741A00B7E1A1 /* Info.plist */,
			);
			path = uqueueUITests;
			sourceTree = "<group>";
		};
		FF02B4B43C8D55A2514CA17C /* Frameworks */ = {
			isa = PBXGroup;
			children = (
				0FEAA692861C792E8B9B9481 /* Pods.framework */,
			);
			name = Frameworks;
			sourceTree = "<group>";
		};
/* End PBXGroup section */

/* Begin PBXNativeTarget section */
		E766684C1BBD741900B7E1A1 /* uqueue */ = {
			isa = PBXNativeTarget;
			buildConfigurationList = E76668751BBD741A00B7E1A1 /* Build configuration list for PBXNativeTarget "uqueue" */;
			buildPhases = (
				A36FD558B22628C876E0E927 /* Check Pods Manifest.lock */,
				E76668491BBD741900B7E1A1 /* Sources */,
				E766684A1BBD741900B7E1A1 /* Frameworks */,
				E766684B1BBD741900B7E1A1 /* Resources */,
				23B8B7E1ABC7FD74D0E13614 /* Embed Pods Frameworks */,
				7FCC756616711EB51C4D3239 /* Copy Pods Resources */,
			);
			buildRules = (
			);
			dependencies = (
			);
			name = uqueue;
			productName = uqueue;
			productReference = E766684D1BBD741900B7E1A1 /* uqueue.app */;
			productType = "com.apple.product-type.application";
		};
		E76668601BBD741A00B7E1A1 /* uqueueTests */ = {
			isa = PBXNativeTarget;
			buildConfigurationList = E76668781BBD741A00B7E1A1 /* Build configuration list for PBXNativeTarget "uqueueTests" */;
			buildPhases = (
				E766685D1BBD741A00B7E1A1 /* Sources */,
				E766685E1BBD741A00B7E1A1 /* Frameworks */,
				E766685F1BBD741A00B7E1A1 /* Resources */,
			);
			buildRules = (
			);
			dependencies = (
				E76668631BBD741A00B7E1A1 /* PBXTargetDependency */,
			);
			name = uqueueTests;
			productName = uqueueTests;
			productReference = E76668611BBD741A00B7E1A1 /* uqueueTests.xctest */;
			productType = "com.apple.product-type.bundle.unit-test";
		};
		E766686B1BBD741A00B7E1A1 /* uqueueUITests */ = {
			isa = PBXNativeTarget;
			buildConfigurationList = E766687B1BBD741A00B7E1A1 /* Build configuration list for PBXNativeTarget "uqueueUITests" */;
			buildPhases = (
				E76668681BBD741A00B7E1A1 /* Sources */,
				E76668691BBD741A00B7E1A1 /* Frameworks */,
				E766686A1BBD741A00B7E1A1 /* Resources */,
			);
			buildRules = (
			);
			dependencies = (
				E766686E1BBD741A00B7E1A1 /* PBXTargetDependency */,
			);
			name = uqueueUITests;
			productName = uqueueUITests;
			productReference = E766686C1BBD741A00B7E1A1 /* uqueueUITests.xctest */;
			productType = "com.apple.product-type.bundle.ui-testing";
		};
/* End PBXNativeTarget section */

/* Begin PBXProject section */
		E76668451BBD741900B7E1A1 /* Project object */ = {
			isa = PBXProject;
			attributes = {
				LastUpgradeCheck = 0700;
				ORGANIZATIONNAME = "John Rocha and Shawn Fotsch";
				TargetAttributes = {
					E766684C1BBD741900B7E1A1 = {
						CreatedOnToolsVersion = 7.0;
						DevelopmentTeam = 47J734W9F8;
					};
					E76668601BBD741A00B7E1A1 = {
						CreatedOnToolsVersion = 7.0;
						TestTargetID = E766684C1BBD741900B7E1A1;
					};
					E766686B1BBD741A00B7E1A1 = {
						CreatedOnToolsVersion = 7.0;
						TestTargetID = E766684C1BBD741900B7E1A1;
					};
				};
			};
			buildConfigurationList = E76668481BBD741900B7E1A1 /* Build configuration list for PBXProject "uqueue" */;
			compatibilityVersion = "Xcode 3.2";
			developmentRegion = English;
			hasScannedForEncodings = 0;
			knownRegions = (
				en,
				Base,
			);
			mainGroup = E76668441BBD741900B7E1A1;
			productRefGroup = E766684E1BBD741900B7E1A1 /* Products */;
			projectDirPath = "";
			projectRoot = "";
			targets = (
				E766684C1BBD741900B7E1A1 /* uqueue */,
				E76668601BBD741A00B7E1A1 /* uqueueTests */,
				E766686B1BBD741A00B7E1A1 /* uqueueUITests */,
			);
		};
/* End PBXProject section */

/* Begin PBXResourcesBuildPhase section */
		E766684B1BBD741900B7E1A1 /* Resources */ = {
			isa = PBXResourcesBuildPhase;
			buildActionMask = 2147483647;
			files = (
				E766685B1BBD741900B7E1A1 /* LaunchScreen.storyboard in Resources */,
				E76668581BBD741900B7E1A1 /* Assets.xcassets in Resources */,
				E76668561BBD741900B7E1A1 /* Main.storyboard in Resources */,
			);
			runOnlyForDeploymentPostprocessing = 0;
		};
		E766685F1BBD741A00B7E1A1 /* Resources */ = {
			isa = PBXResourcesBuildPhase;
			buildActionMask = 2147483647;
			files = (
			);
			runOnlyForDeploymentPostprocessing = 0;
		};
		E766686A1BBD741A00B7E1A1 /* Resources */ = {
			isa = PBXResourcesBuildPhase;
			buildActionMask = 2147483647;
			files = (
			);
			runOnlyForDeploymentPostprocessing = 0;
		};
/* End PBXResourcesBuildPhase section */

/* Begin PBXShellScriptBuildPhase section */
		23B8B7E1ABC7FD74D0E13614 /* Embed Pods Frameworks */ = {
			isa = PBXShellScriptBuildPhase;
			buildActionMask = 2147483647;
			files = (
			);
			inputPaths = (
			);
			name = "Embed Pods Frameworks";
			outputPaths = (
			);
			runOnlyForDeploymentPostprocessing = 0;
			shellPath = /bin/sh;
			shellScript = "\"${SRCROOT}/Pods/Target Support Files/Pods/Pods-frameworks.sh\"\n";
			showEnvVarsInLog = 0;
		};
		7FCC756616711EB51C4D3239 /* Copy Pods Resources */ = {
			isa = PBXShellScriptBuildPhase;
			buildActionMask = 2147483647;
			files = (
			);
			inputPaths = (
			);
			name = "Copy Pods Resources";
			outputPaths = (
			);
			runOnlyForDeploymentPostprocessing = 0;
			shellPath = /bin/sh;
			shellScript = "\"${SRCROOT}/Pods/Target Support Files/Pods/Pods-resources.sh\"\n";
			showEnvVarsInLog = 0;
		};
		A36FD558B22628C876E0E927 /* Check Pods Manifest.lock */ = {
			isa = PBXShellScriptBuildPhase;
			buildActionMask = 2147483647;
			files = (
			);
			inputPaths = (
			);
			name = "Check Pods Manifest.lock";
			outputPaths = (
			);
			runOnlyForDeploymentPostprocessing = 0;
			shellPath = /bin/sh;
			shellScript = "diff \"${PODS_ROOT}/../Podfile.lock\" \"${PODS_ROOT}/Manifest.lock\" > /dev/null\nif [[ $? != 0 ]] ; then\n    cat << EOM\nerror: The sandbox is not in sync with the Podfile.lock. Run 'pod install' or update your CocoaPods installation.\nEOM\n    exit 1\nfi\n";
			showEnvVarsInLog = 0;
		};
/* End PBXShellScriptBuildPhase section */

/* Begin PBXSourcesBuildPhase section */
		E76668491BBD741900B7E1A1 /* Sources */ = {
			isa = PBXSourcesBuildPhase;
			buildActionMask = 2147483647;
			files = (
				E7A1C0741BEFEEFC000A5EA0 /* StoredPlaylists.swift in Sources */,
				E74439A01BCD6A1A008A9873 /* QueueViewController.swift in Sources */,
				E76668511BBD741900B7E1A1 /* AppDelegate.swift in Sources */,
				E7F525601C0A3259008A4E90 /* BroadcastedViewController.swift in Sources */,
				E744399E1BCA5F57008A9873 /* CurrentSongViewController.swift in Sources */,
				E7937CCF1C02A52D00EC46AA /* AuthenticationViewController.swift in Sources */,
				E71901451BEAEFDE007D7641 /* UserPlaylistViewController.swift in Sources */,
				E7A1C0771BF163AC000A5EA0 /* uqueue.xcdatamodeld in Sources */,
				E71901431BEAEE49007D7641 /* UserPlaylist.swift in Sources */,
			);
			runOnlyForDeploymentPostprocessing = 0;
		};
		E766685D1BBD741A00B7E1A1 /* Sources */ = {
			isa = PBXSourcesBuildPhase;
			buildActionMask = 2147483647;
			files = (
				E76668661BBD741A00B7E1A1 /* uqueueTests.swift in Sources */,
			);
			runOnlyForDeploymentPostprocessing = 0;
		};
		E76668681BBD741A00B7E1A1 /* Sources */ = {
			isa = PBXSourcesBuildPhase;
			buildActionMask = 2147483647;
			files = (
				E76668711BBD741A00B7E1A1 /* uqueueUITests.swift in Sources */,
			);
			runOnlyForDeploymentPostprocessing = 0;
		};
/* End PBXSourcesBuildPhase section */

/* Begin PBXTargetDependency section */
		E76668631BBD741A00B7E1A1 /* PBXTargetDependency */ = {
			isa = PBXTargetDependency;
			target = E766684C1BBD741900B7E1A1 /* uqueue */;
			targetProxy = E76668621BBD741A00B7E1A1 /* PBXContainerItemProxy */;
		};
		E766686E1BBD741A00B7E1A1 /* PBXTargetDependency */ = {
			isa = PBXTargetDependency;
			target = E766684C1BBD741900B7E1A1 /* uqueue */;
			targetProxy = E766686D1BBD741A00B7E1A1 /* PBXContainerItemProxy */;
		};
/* End PBXTargetDependency section */

/* Begin PBXVariantGroup section */
		E76668541BBD741900B7E1A1 /* Main.storyboard */ = {
			isa = PBXVariantGroup;
			children = (
				E76668551BBD741900B7E1A1 /* Base */,
			);
			name = Main.storyboard;
			sourceTree = "<group>";
		};
		E76668591BBD741900B7E1A1 /* LaunchScreen.storyboard */ = {
			isa = PBXVariantGroup;
			children = (
				E766685A1BBD741900B7E1A1 /* Base */,
			);
			name = LaunchScreen.storyboard;
			sourceTree = "<group>";
		};
/* End PBXVariantGroup section */

/* Begin XCBuildConfiguration section */
		E76668731BBD741A00B7E1A1 /* Debug */ = {
			isa = XCBuildConfiguration;
			buildSettings = {
				ALWAYS_SEARCH_USER_PATHS = NO;
				CLANG_CXX_LANGUAGE_STANDARD = "gnu++0x";
				CLANG_CXX_LIBRARY = "libc++";
				CLANG_ENABLE_MODULES = YES;
				CLANG_ENABLE_OBJC_ARC = YES;
				CLANG_WARN_BOOL_CONVERSION = YES;
				CLANG_WARN_CONSTANT_CONVERSION = YES;
				CLANG_WARN_DIRECT_OBJC_ISA_USAGE = YES_ERROR;
				CLANG_WARN_EMPTY_BODY = YES;
				CLANG_WARN_ENUM_CONVERSION = YES;
				CLANG_WARN_INT_CONVERSION = YES;
				CLANG_WARN_OBJC_ROOT_CLASS = YES_ERROR;
				CLANG_WARN_UNREACHABLE_CODE = YES;
				CLANG_WARN__DUPLICATE_METHOD_MATCH = YES;
				"CODE_SIGN_IDENTITY[sdk=iphoneos*]" = "iPhone Developer";
				COPY_PHASE_STRIP = NO;
				DEBUG_INFORMATION_FORMAT = dwarf;
				ENABLE_STRICT_OBJC_MSGSEND = YES;
				ENABLE_TESTABILITY = YES;
				GCC_C_LANGUAGE_STANDARD = gnu99;
				GCC_DYNAMIC_NO_PIC = NO;
				GCC_NO_COMMON_BLOCKS = YES;
				GCC_OPTIMIZATION_LEVEL = 0;
				GCC_PREPROCESSOR_DEFINITIONS = (
					"DEBUG=1",
					"$(inherited)",
				);
				GCC_WARN_64_TO_32_BIT_CONVERSION = YES;
				GCC_WARN_ABOUT_RETURN_TYPE = YES_ERROR;
				GCC_WARN_UNDECLARED_SELECTOR = YES;
				GCC_WARN_UNINITIALIZED_AUTOS = YES_AGGRESSIVE;
				GCC_WARN_UNUSED_FUNCTION = YES;
				GCC_WARN_UNUSED_VARIABLE = YES;
				IPHONEOS_DEPLOYMENT_TARGET = 9.0;
				MTL_ENABLE_DEBUG_INFO = YES;
				ONLY_ACTIVE_ARCH = YES;
				SDKROOT = iphoneos;
				SWIFT_OPTIMIZATION_LEVEL = "-Onone";
				TARGETED_DEVICE_FAMILY = "1,2";
			};
			name = Debug;
		};
		E76668741BBD741A00B7E1A1 /* Release */ = {
			isa = XCBuildConfiguration;
			buildSettings = {
				ALWAYS_SEARCH_USER_PATHS = NO;
				CLANG_CXX_LANGUAGE_STANDARD = "gnu++0x";
				CLANG_CXX_LIBRARY = "libc++";
				CLANG_ENABLE_MODULES = YES;
				CLANG_ENABLE_OBJC_ARC = YES;
				CLANG_WARN_BOOL_CONVERSION = YES;
				CLANG_WARN_CONSTANT_CONVERSION = YES;
				CLANG_WARN_DIRECT_OBJC_ISA_USAGE = YES_ERROR;
				CLANG_WARN_EMPTY_BODY = YES;
				CLANG_WARN_ENUM_CONVERSION = YES;
				CLANG_WARN_INT_CONVERSION = YES;
				CLANG_WARN_OBJC_ROOT_CLASS = YES_ERROR;
				CLANG_WARN_UNREACHABLE_CODE = YES;
				CLANG_WARN__DUPLICATE_METHOD_MATCH = YES;
				"CODE_SIGN_IDENTITY[sdk=iphoneos*]" = "iPhone Developer";
				COPY_PHASE_STRIP = NO;
				DEBUG_INFORMATION_FORMAT = "dwarf-with-dsym";
				ENABLE_NS_ASSERTIONS = NO;
				ENABLE_STRICT_OBJC_MSGSEND = YES;
				GCC_C_LANGUAGE_STANDARD = gnu99;
				GCC_NO_COMMON_BLOCKS = YES;
				GCC_WARN_64_TO_32_BIT_CONVERSION = YES;
				GCC_WARN_ABOUT_RETURN_TYPE = YES_ERROR;
				GCC_WARN_UNDECLARED_SELECTOR = YES;
				GCC_WARN_UNINITIALIZED_AUTOS = YES_AGGRESSIVE;
				GCC_WARN_UNUSED_FUNCTION = YES;
				GCC_WARN_UNUSED_VARIABLE = YES;
				IPHONEOS_DEPLOYMENT_TARGET = 9.0;
				MTL_ENABLE_DEBUG_INFO = NO;
				SDKROOT = iphoneos;
				TARGETED_DEVICE_FAMILY = "1,2";
				VALIDATE_PRODUCT = YES;
			};
			name = Release;
		};
		E76668761BBD741A00B7E1A1 /* Debug */ = {
			isa = XCBuildConfiguration;
			baseConfigurationReference = C7CC39BC0E5DECF4C9651A81 /* Pods.debug.xcconfig */;
			buildSettings = {
				ASSETCATALOG_COMPILER_APPICON_NAME = AppIcon;
				CODE_SIGN_IDENTITY = "iPhone Developer";
				"CODE_SIGN_IDENTITY[sdk=iphoneos*]" = "iPhone Developer";
				FRAMEWORK_SEARCH_PATHS = (
					"$(inherited)",
					"$(PROJECT_DIR)/uqueue",
				);
				INFOPLIST_FILE = uqueue/Info.plist;
				LD_RUNPATH_SEARCH_PATHS = "$(inherited) @executable_path/Frameworks";
				PRODUCT_BUNDLE_IDENTIFIER = jrocha2sfotsch.uqueue.nd.edu;
				PRODUCT_NAME = "$(TARGET_NAME)";
				PROVISIONING_PROFILE = "";
			};
			name = Debug;
		};
		E76668771BBD741A00B7E1A1 /* Release */ = {
			isa = XCBuildConfiguration;
			baseConfigurationReference = 335C502E8DE0E4E7ABBDF4DA /* Pods.release.xcconfig */;
			buildSettings = {
				ASSETCATALOG_COMPILER_APPICON_NAME = AppIcon;
				CODE_SIGN_IDENTITY = "iPhone Developer";
				"CODE_SIGN_IDENTITY[sdk=iphoneos*]" = "iPhone Developer";
				FRAMEWORK_SEARCH_PATHS = (
					"$(inherited)",
					"$(PROJECT_DIR)/uqueue",
				);
				INFOPLIST_FILE = uqueue/Info.plist;
				LD_RUNPATH_SEARCH_PATHS = "$(inherited) @executable_path/Frameworks";
				PRODUCT_BUNDLE_IDENTIFIER = jrocha2sfotsch.uqueue.nd.edu;
				PRODUCT_NAME = "$(TARGET_NAME)";
				PROVISIONING_PROFILE = "";
			};
			name = Release;
		};
		E76668791BBD741A00B7E1A1 /* Debug */ = {
			isa = XCBuildConfiguration;
			buildSettings = {
				BUNDLE_LOADER = "$(TEST_HOST)";
				INFOPLIST_FILE = uqueueTests/Info.plist;
				LD_RUNPATH_SEARCH_PATHS = "$(inherited) @executable_path/Frameworks @loader_path/Frameworks";
				PRODUCT_BUNDLE_IDENTIFIER = jrocha2sfotsch.uqueueTests;
				PRODUCT_NAME = "$(TARGET_NAME)";
				TEST_HOST = "$(BUILT_PRODUCTS_DIR)/uqueue.app/uqueue";
			};
			name = Debug;
		};
		E766687A1BBD741A00B7E1A1 /* Release */ = {
			isa = XCBuildConfiguration;
			buildSettings = {
				BUNDLE_LOADER = "$(TEST_HOST)";
				INFOPLIST_FILE = uqueueTests/Info.plist;
				LD_RUNPATH_SEARCH_PATHS = "$(inherited) @executable_path/Frameworks @loader_path/Frameworks";
				PRODUCT_BUNDLE_IDENTIFIER = jrocha2sfotsch.uqueueTests;
				PRODUCT_NAME = "$(TARGET_NAME)";
				TEST_HOST = "$(BUILT_PRODUCTS_DIR)/uqueue.app/uqueue";
			};
			name = Release;
		};
		E766687C1BBD741A00B7E1A1 /* Debug */ = {
			isa = XCBuildConfiguration;
			buildSettings = {
				INFOPLIST_FILE = uqueueUITests/Info.plist;
				LD_RUNPATH_SEARCH_PATHS = "$(inherited) @executable_path/Frameworks @loader_path/Frameworks";
				PRODUCT_BUNDLE_IDENTIFIER = jrocha2sfotsch.uqueueUITests;
				PRODUCT_NAME = "$(TARGET_NAME)";
				TEST_TARGET_NAME = uqueue;
				USES_XCTRUNNER = YES;
			};
			name = Debug;
		};
		E766687D1BBD741A00B7E1A1 /* Release */ = {
			isa = XCBuildConfiguration;
			buildSettings = {
				INFOPLIST_FILE = uqueueUITests/Info.plist;
				LD_RUNPATH_SEARCH_PATHS = "$(inherited) @executable_path/Frameworks @loader_path/Frameworks";
				PRODUCT_BUNDLE_IDENTIFIER = jrocha2sfotsch.uqueueUITests;
				PRODUCT_NAME = "$(TARGET_NAME)";
				TEST_TARGET_NAME = uqueue;
				USES_XCTRUNNER = YES;
			};
			name = Release;
		};
/* End XCBuildConfiguration section */

/* Begin XCConfigurationList section */
		E76668481BBD741900B7E1A1 /* Build configuration list for PBXProject "uqueue" */ = {
			isa = XCConfigurationList;
			buildConfigurations = (
				E76668731BBD741A00B7E1A1 /* Debug */,
				E76668741BBD741A00B7E1A1 /* Release */,
			);
			defaultConfigurationIsVisible = 0;
			defaultConfigurationName = Release;
		};
		E76668751BBD741A00B7E1A1 /* Build configuration list for PBXNativeTarget "uqueue" */ = {
			isa = XCConfigurationList;
			buildConfigurations = (
				E76668761BBD741A00B7E1A1 /* Debug */,
				E76668771BBD741A00B7E1A1 /* Release */,
			);
			defaultConfigurationIsVisible = 0;
			defaultConfigurationName = Release;
		};
		E76668781BBD741A00B7E1A1 /* Build configuration list for PBXNativeTarget "uqueueTests" */ = {
			isa = XCConfigurationList;
			buildConfigurations = (
				E76668791BBD741A00B7E1A1 /* Debug */,
				E766687A1BBD741A00B7E1A1 /* Release */,
			);
			defaultConfigurationIsVisible = 0;
			defaultConfigurationName = Release;
		};
		E766687B1BBD741A00B7E1A1 /* Build configuration list for PBXNativeTarget "uqueueUITests" */ = {
			isa = XCConfigurationList;
			buildConfigurations = (
				E766687C1BBD741A00B7E1A1 /* Debug */,
				E766687D1BBD741A00B7E1A1 /* Release */,
			);
			defaultConfigurationIsVisible = 0;
			defaultConfigurationName = Release;
		};
/* End XCConfigurationList section */

/* Begin XCVersionGroup section */
		E7A1C0751BF163AC000A5EA0 /* uqueue.xcdatamodeld */ = {
			isa = XCVersionGroup;
			children = (
				E7A1C0761BF163AC000A5EA0 /* uqueue.xcdatamodel */,
			);
			currentVersion = E7A1C0761BF163AC000A5EA0 /* uqueue.xcdatamodel */;
			path = uqueue.xcdatamodeld;
			sourceTree = "<group>";
			versionGroupType = wrapper.xcdatamodel;
		};
/* End XCVersionGroup section */
	};
	rootObject = E76668451BBD741900B7E1A1 /* Project object */;
}
